// !$*UTF8*$!
{
	archiveVersion = 1;
	classes = {
	};
	objectVersion = 50;
	objects = {

/* Begin PBXBuildFile section */
		6D176BA4224283F500D580FC /* AppDelegate.swift in Sources */ = {isa = PBXBuildFile; fileRef = 6D176BA3224283F500D580FC /* AppDelegate.swift */; };
		6D176BA6224283F500D580FC /* ViewController.swift in Sources */ = {isa = PBXBuildFile; fileRef = 6D176BA5224283F500D580FC /* ViewController.swift */; };
		6D176BA9224283F500D580FC /* Main.storyboard in Resources */ = {isa = PBXBuildFile; fileRef = 6D176BA7224283F500D580FC /* Main.storyboard */; };
		6D176BAB224283F700D580FC /* Assets.xcassets in Resources */ = {isa = PBXBuildFile; fileRef = 6D176BAA224283F700D580FC /* Assets.xcassets */; };
		6D176BAE224283F700D580FC /* LaunchScreen.storyboard in Resources */ = {isa = PBXBuildFile; fileRef = 6D176BAC224283F700D580FC /* LaunchScreen.storyboard */; };
		6D176BB92242852B00D580FC /* DogAPI.swift in Sources */ = {isa = PBXBuildFile; fileRef = 6D176BB82242852B00D580FC /* DogAPI.swift */; };
		6D176BBB22429FF800D580FC /* DogImage.swift in Sources */ = {isa = PBXBuildFile; fileRef = 6D176BBA22429FF800D580FC /* DogImage.swift */; };
		6D176BBD224A771D00D580FC /* BreedList.swift in Sources */ = {isa = PBXBuildFile; fileRef = 6D176BBC224A771D00D580FC /* BreedList.swift */; };
/* End PBXBuildFile section */

/* Begin PBXFileReference section */
		6D176BA0224283F500D580FC /* RandomDog.app */ = {isa = PBXFileReference; explicitFileType = wrapper.application; includeInIndex = 0; path = RandomDog.app; sourceTree = BUILT_PRODUCTS_DIR; };
		6D176BA3224283F500D580FC /* AppDelegate.swift */ = {isa = PBXFileReference; lastKnownFileType = sourcecode.swift; path = AppDelegate.swift; sourceTree = "<group>"; };
		6D176BA5224283F500D580FC /* ViewController.swift */ = {isa = PBXFileReference; lastKnownFileType = sourcecode.swift; path = ViewController.swift; sourceTree = "<group>"; };
		6D176BA8224283F500D580FC /* Base */ = {isa = PBXFileReference; lastKnownFileType = file.storyboard; name = Base; path = Base.lproj/Main.storyboard; sourceTree = "<group>"; };
		6D176BAA224283F700D580FC /* Assets.xcassets */ = {isa = PBXFileReference; lastKnownFileType = folder.assetcatalog; path = Assets.xcassets; sourceTree = "<group>"; };
		6D176BAD224283F700D580FC /* Base */ = {isa = PBXFileReference; lastKnownFileType = file.storyboard; name = Base; path = Base.lproj/LaunchScreen.storyboard; sourceTree = "<group>"; };
		6D176BAF224283F700D580FC /* Info.plist */ = {isa = PBXFileReference; lastKnownFileType = text.plist.xml; path = Info.plist; sourceTree = "<group>"; };
		6D176BB82242852B00D580FC /* DogAPI.swift */ = {isa = PBXFileReference; lastKnownFileType = sourcecode.swift; path = DogAPI.swift; sourceTree = "<group>"; };
		6D176BBA22429FF800D580FC /* DogImage.swift */ = {isa = PBXFileReference; lastKnownFileType = sourcecode.swift; path = DogImage.swift; sourceTree = "<group>"; };
		6D176BBC224A771D00D580FC /* BreedList.swift */ = {isa = PBXFileReference; lastKnownFileType = sourcecode.swift; path = BreedList.swift; sourceTree = "<group>"; };
/* End PBXFileReference section */

/* Begin PBXFrameworksBuildPhase section */
		6D176B9D224283F500D580FC /* Frameworks */ = {
			isa = PBXFrameworksBuildPhase;
			buildActionMask = 2147483647;
			files = (
			);
			runOnlyForDeploymentPostprocessing = 0;
		};
/* End PBXFrameworksBuildPhase section */

/* Begin PBXGroup section */
		6D176B97224283F500D580FC = {
			isa = PBXGroup;
			children = (
				6D176BA2224283F500D580FC /* RandomDog */,
				6D176BA1224283F500D580FC /* Products */,
			);
			sourceTree = "<group>";
		};
		6D176BA1224283F500D580FC /* Products */ = {
			isa = PBXGroup;
			children = (
				6D176BA0224283F500D580FC /* RandomDog.app */,
			);
			name = Products;
			sourceTree = "<group>";
		};
		6D176BA2224283F500D580FC /* RandomDog */ = {
			isa = PBXGroup;
			children = (
				6D176BB72242851200D580FC /* Model */,
				6D176BB62242840B00D580FC /* Controller */,
				6D176BB52242840300D580FC /* View */,
				6D176BAF224283F700D580FC /* Info.plist */,
			);
			path = RandomDog;
			sourceTree = "<group>";
		};
		6D176BB52242840300D580FC /* View */ = {
			isa = PBXGroup;
			children = (
				6D176BA7224283F500D580FC /* Main.storyboard */,
				6D176BAA224283F700D580FC /* Assets.xcassets */,
				6D176BAC224283F700D580FC /* LaunchScreen.storyboard */,
			);
			path = View;
			sourceTree = "<group>";
		};
		6D176BB62242840B00D580FC /* Controller */ = {
			isa = PBXGroup;
			children = (
				6D176BA3224283F500D580FC /* AppDelegate.swift */,
				6D176BA5224283F500D580FC /* ViewController.swift */,
			);
			path = Controller;
			sourceTree = "<group>";
		};
		6D176BB72242851200D580FC /* Model */ = {
			isa = PBXGroup;
			children = (
				6D176BB82242852B00D580FC /* DogAPI.swift */,
				6D176BBA22429FF800D580FC /* DogImage.swift */,
				6D176BBC224A771D00D580FC /* BreedList.swift */,
			);
			path = Model;
			sourceTree = "<group>";
		};
/* End PBXGroup section */

/* Begin PBXNativeTarget section */
		6D176B9F224283F500D580FC /* RandomDog */ = {
			isa = PBXNativeTarget;
			buildConfigurationList = 6D176BB2224283F700D580FC /* Build configuration list for PBXNativeTarget "RandomDog" */;
			buildPhases = (
				6D176B9C224283F500D580FC /* Sources */,
				6D176B9D224283F500D580FC /* Frameworks */,
				6D176B9E224283F500D580FC /* Resources */,
			);
			buildRules = (
			);
			dependencies = (
			);
			name = RandomDog;
			productName = RandomDog;
			productReference = 6D176BA0224283F500D580FC /* RandomDog.app */;
			productType = "com.apple.product-type.application";
		};
/* End PBXNativeTarget section */

/* Begin PBXProject section */
		6D176B98224283F500D580FC /* Project object */ = {
			isa = PBXProject;
			attributes = {
				LastSwiftUpdateCheck = 1010;
				LastUpgradeCheck = 1010;
				ORGANIZATIONNAME = "Kayo Nakao";
				TargetAttributes = {
					6D176B9F224283F500D580FC = {
						CreatedOnToolsVersion = 10.1;
					};
				};
			};
			buildConfigurationList = 6D176B9B224283F500D580FC /* Build configuration list for PBXProject "RandomDog" */;
			compatibilityVersion = "Xcode 9.3";
			developmentRegion = en;
			hasScannedForEncodings = 0;
			knownRegions = (
				en,
				Base,
			);
			mainGroup = 6D176B97224283F500D580FC;
			productRefGroup = 6D176BA1224283F500D580FC /* Products */;
			projectDirPath = "";
			projectRoot = "";
			targets = (
				6D176B9F224283F500D580FC /* RandomDog */,
			);
		};
/* End PBXProject section */

/* Begin PBXResourcesBuildPhase section */
		6D176B9E224283F500D580FC /* Resources */ = {
			isa = PBXResourcesBuildPhase;
			buildActionMask = 2147483647;
			files = (
				6D176BAE224283F700D580FC /* LaunchScreen.storyboard in Resources */,
				6D176BAB224283F700D580FC /* Assets.xcassets in Resources */,
				6D176BA9224283F500D580FC /* Main.storyboard in Resources */,
			);
			runOnlyForDeploymentPostprocessing = 0;
		};
/* End PBXResourcesBuildPhase section */

/* Begin PBXSourcesBuildPhase section */
		6D176B9C224283F500D580FC /* Sources */ = {
			isa = PBXSourcesBuildPhase;
			buildActionMask = 2147483647;
			files = (
				6D176BA6224283F500D580FC /* ViewController.swift in Sources */,
				6D176BA4224283F500D580FC /* AppDelegate.swift in Sources */,
				6D176BBB22429FF800D580FC /* DogImage.swift in Sources */,
				6D176BBD224A771D00D580FC /* BreedList.swift in Sources */,
				6D176BB92242852B00D580FC /* DogAPI.swift in Sources */,
			);
			runOnlyForDeploymentPostprocessing = 0;
		};
/* End PBXSourcesBuildPhase section */

/* Begin PBXVariantGroup section */
		6D176BA7224283F500D580FC /* Main.storyboard */ = {
			isa = PBXVariantGroup;
			children = (
				6D176BA8224283F500D580FC /* Base */,
			);
			name = Main.storyboard;
			sourceTree = "<group>";
		};
		6D176BAC224283F700D580FC /* LaunchScreen.storyboard */ = {
			isa = PBXVariantGroup;
			children = (
				6D176BAD224283F700D580FC /* Base */,
			);
			name = LaunchScreen.storyboard;
			sourceTree = "<group>";
		};
/* End PBXVariantGroup section */

/* Begin XCBuildConfiguration section */
		6D176BB0224283F700D580FC /* Debug */ = {
			isa = XCBuildConfiguration;
			buildSettings = {
				ALWAYS_SEARCH_USER_PATHS = NO;
				CLANG_ANALYZER_NONNULL = YES;
				CLANG_ANALYZER_NUMBER_OBJECT_CONVERSION = YES_AGGRESSIVE;
				CLANG_CXX_LANGUAGE_STANDARD = "gnu++14";
				CLANG_CXX_LIBRARY = "libc++";
				CLANG_ENABLE_MODULES = YES;
				CLANG_ENABLE_OBJC_ARC = YES;
				CLANG_ENABLE_OBJC_WEAK = YES;
				CLANG_WARN_BLOCK_CAPTURE_AUTORELEASING = YES;
				CLANG_WARN_BOOL_CONVERSION = YES;
				CLANG_WARN_COMMA = YES;
				CLANG_WARN_CONSTANT_CONVERSION = YES;
				CLANG_WARN_DEPRECATED_OBJC_IMPLEMENTATIONS = YES;
				CLANG_WARN_DIRECT_OBJC_ISA_USAGE = YES_ERROR;
				CLANG_WARN_DOCUMENTATION_COMMENTS = YES;
				CLANG_WARN_EMPTY_BODY = YES;
				CLANG_WARN_ENUM_CONVERSION = YES;
				CLANG_WARN_INFINITE_RECURSION = YES;
				CLANG_WARN_INT_CONVERSION = YES;
				CLANG_WARN_NON_LITERAL_NULL_CONVERSION = YES;
				CLANG_WARN_OBJC_IMPLICIT_RETAIN_SELF = YES;
				CLANG_WARN_OBJC_LITERAL_CONVERSION = YES;
				CLANG_WARN_OBJC_ROOT_CLASS = YES_ERROR;
				CLANG_WARN_RANGE_LOOP_ANALYSIS = YES;
				CLANG_WARN_STRICT_PROTOTYPES = YES;
				CLANG_WARN_SUSPICIOUS_MOVE = YES;
				CLANG_WARN_UNGUARDED_AVAILABILITY = YES_AGGRESSIVE;
				CLANG_WARN_UNREACHABLE_CODE = YES;
				CLANG_WARN__DUPLICATE_METHOD_MATCH = YES;
				CODE_SIGN_IDENTITY = "iPhone Developer";
				COPY_PHASE_STRIP = NO;
				DEBUG_INFORMATION_FORMAT = dwarf;
				ENABLE_STRICT_OBJC_MSGSEND = YES;
				ENABLE_TESTABILITY = YES;
				GCC_C_LANGUAGE_STANDARD = gnu11;
				GCC_DYNAMIC_NO_PIC = NO;
				GCC_NO_COMMON_BLOCKS = YES;
				GCC_OPTIMIZATION_LEVEL = 0;
				GCC_PREPROCESSOR_DEFINITIONS = (
					"DEBUG=1",
					"$(inherited)",
				);
				GCC_WARN_64_TO_32_BIT_CONVERSION = YES;
				GCC_WARN_ABOUT_RETURN_TYPE = YES_ERROR;
				GCC_WARN_UNDECLARED_SELECTOR = YES;
				GCC_WARN_UNINITIALIZED_AUTOS = YES_AGGRESSIVE;
				GCC_WARN_UNUSED_FUNCTION = YES;
				GCC_WARN_UNUSED_VARIABLE = YES;
				IPHONEOS_DEPLOYMENT_TARGET = 12.1;
				MTL_ENABLE_DEBUG_INFO = INCLUDE_SOURCE;
				MTL_FAST_MATH = YES;
				ONLY_ACTIVE_ARCH = YES;
				SDKROOT = iphoneos;
				SWIFT_ACTIVE_COMPILATION_CONDITIONS = DEBUG;
				SWIFT_OPTIMIZATION_LEVEL = "-Onone";
			};
			name = Debug;
		};
		6D176BB1224283F700D580FC /* Release */ = {
			isa = XCBuildConfiguration;
			buildSettings = {
				ALWAYS_SEARCH_USER_PATHS = NO;
				CLANG_ANALYZER_NONNULL = YES;
				CLANG_ANALYZER_NUMBER_OBJECT_CONVERSION = YES_AGGRESSIVE;
				CLANG_CXX_LANGUAGE_STANDARD = "gnu++14";
				CLANG_CXX_LIBRARY = "libc++";
				CLANG_ENABLE_MODULES = YES;
				CLANG_ENABLE_OBJC_ARC = YES;
				CLANG_ENABLE_OBJC_WEAK = YES;
				CLANG_WARN_BLOCK_CAPTURE_AUTORELEASING = YES;
				CLANG_WARN_BOOL_CONVERSION = YES;
				CLANG_WARN_COMMA = YES;
				CLANG_WARN_CONSTANT_CONVERSION = YES;
				CLANG_WARN_DEPRECATED_OBJC_IMPLEMENTATIONS = YES;
				CLANG_WARN_DIRECT_OBJC_ISA_USAGE = YES_ERROR;
				CLANG_WARN_DOCUMENTATION_COMMENTS = YES;
				CLANG_WARN_EMPTY_BODY = YES;
				CLANG_WARN_ENUM_CONVERSION = YES;
				CLANG_WARN_INFINITE_RECURSION = YES;
				CLANG_WARN_INT_CONVERSION = YES;
				CLANG_WARN_NON_LITERAL_NULL_CONVERSION = YES;
				CLANG_WARN_OBJC_IMPLICIT_RETAIN_SELF = YES;
				CLANG_WARN_OBJC_LITERAL_CONVERSION = YES;
				CLANG_WARN_OBJC_ROOT_CLASS = YES_ERROR;
				CLANG_WARN_RANGE_LOOP_ANALYSIS = YES;
				CLANG_WARN_STRICT_PROTOTYPES = YES;
				CLANG_WARN_SUSPICIOUS_MOVE = YES;
				CLANG_WARN_UNGUARDED_AVAILABILITY = YES_AGGRESSIVE;
				CLANG_WARN_UNREACHABLE_CODE = YES;
				CLANG_WARN__DUPLICATE_METHOD_MATCH = YES;
				CODE_SIGN_IDENTITY = "iPhone Developer";
				COPY_PHASE_STRIP = NO;
				DEBUG_INFORMATION_FORMAT = "dwarf-with-dsym";
				ENABLE_NS_ASSERTIONS = NO;
				ENABLE_STRICT_OBJC_MSGSEND = YES;
				GCC_C_LANGUAGE_STANDARD = gnu11;
				GCC_NO_COMMON_BLOCKS = YES;
				GCC_WARN_64_TO_32_BIT_CONVERSION = YES;
				GCC_WARN_ABOUT_RETURN_TYPE = YES_ERROR;
				GCC_WARN_UNDECLARED_SELECTOR = YES;
				GCC_WARN_UNINITIALIZED_AUTOS = YES_AGGRESSIVE;
				GCC_WARN_UNUSED_FUNCTION = YES;
				GCC_WARN_UNUSED_VARIABLE = YES;
				IPHONEOS_DEPLOYMENT_TARGET = 12.1;
				MTL_ENABLE_DEBUG_INFO = NO;
				MTL_FAST_MATH = YES;
				SDKROOT = iphoneos;
				SWIFT_COMPILATION_MODE = wholemodule;
				SWIFT_OPTIMIZATION_LEVEL = "-O";
				VALIDATE_PRODUCT = YES;
			};
			name = Release;
		};
		6D176BB3224283F700D580FC /* Debug */ = {
			isa = XCBuildConfiguration;
			buildSettings = {
				ASSETCATALOG_COMPILER_APPICON_NAME = AppIcon;
				CODE_SIGN_STYLE = Automatic;
				DEVELOPMENT_TEAM = T3XBUHQAXW;
				INFOPLIST_FILE = RandomDog/Info.plist;
				LD_RUNPATH_SEARCH_PATHS = (
					"$(inherited)",
					"@executable_path/Frameworks",
				);
				PRODUCT_BUNDLE_IDENTIFIER = com.kayoNakao.RandomDog;
				PRODUCT_NAME = "$(TARGET_NAME)";
				SWIFT_VERSION = 4.2;
				TARGETED_DEVICE_FAMILY = "1,2";
			};
			name = Debug;
		};
		6D176BB4224283F700D580FC /* Release */ = {
			isa = XCBuildConfiguration;
			buildSettings = {
				ASSETCATALOG_COMPILER_APPICON_NAME = AppIcon;
				CODE_SIGN_STYLE = Automatic;
				DEVELOPMENT_TEAM = T3XBUHQAXW;
				INFOPLIST_FILE = RandomDog/Info.plist;
				LD_RUNPATH_SEARCH_PATHS = (
					"$(inherited)",
					"@executable_path/Frameworks",
				);
				PRODUCT_BUNDLE_IDENTIFIER = com.kayoNakao.RandomDog;
				PRODUCT_NAME = "$(TARGET_NAME)";
				SWIFT_VERSION = 4.2;
				TARGETED_DEVICE_FAMILY = "1,2";
			};
			name = Release;
		};
/* End XCBuildConfiguration section */

/* Begin XCConfigurationList section */
		6D176B9B224283F500D580FC /* Build configuration list for PBXProject "RandomDog" */ = {
			isa = XCConfigurationList;
			buildConfigurations = (
				6D176BB0224283F700D580FC /* Debug */,
				6D176BB1224283F700D580FC /* Release */,
			);
			defaultConfigurationIsVisible = 0;
			defaultConfigurationName = Release;
		};
		6D176BB2224283F700D580FC /* Build configuration list for PBXNativeTarget "RandomDog" */ = {
			isa = XCConfigurationList;
			buildConfigurations = (
				6D176BB3224283F700D580FC /* Debug */,
				6D176BB4224283F700D580FC /* Release */,
			);
			defaultConfigurationIsVisible = 0;
			defaultConfigurationName = Release;
		};
/* End XCConfigurationList section */
	};
	rootObject = 6D176B98224283F500D580FC /* Project object */;
}
